// !$*UTF8*$!
{
	archiveVersion = 1;
	classes = {
	};
	objectVersion = 55;
	objects = {

/* Begin PBXBuildFile section */
		DEEE13E7288585B00067C925 /* AppDelegate.swift in Sources */ = {isa = PBXBuildFile; fileRef = DEEE13E6288585B00067C925 /* AppDelegate.swift */; };
		DEEE13E9288585B00067C925 /* SceneDelegate.swift in Sources */ = {isa = PBXBuildFile; fileRef = DEEE13E8288585B00067C925 /* SceneDelegate.swift */; };
		DEEE13EB288585B00067C925 /* HomeViewController.swift in Sources */ = {isa = PBXBuildFile; fileRef = DEEE13EA288585B00067C925 /* HomeViewController.swift */; };
		DEEE13F0288585B20067C925 /* Assets.xcassets in Resources */ = {isa = PBXBuildFile; fileRef = DEEE13EF288585B20067C925 /* Assets.xcassets */; };
		DEEE13F3288585B20067C925 /* LaunchScreen.storyboard in Resources */ = {isa = PBXBuildFile; fileRef = DEEE13F1288585B20067C925 /* LaunchScreen.storyboard */; };
		DEEE13FE288586C60067C925 /* ElementCollectionViewCell.swift in Sources */ = {isa = PBXBuildFile; fileRef = DEEE13FD288586C60067C925 /* ElementCollectionViewCell.swift */; };
		DEEE140028858AF60067C925 /* ElementTableViewCell.swift in Sources */ = {isa = PBXBuildFile; fileRef = DEEE13FF28858AF60067C925 /* ElementTableViewCell.swift */; };
		DEEE1403288591D90067C925 /* Extensions.swift in Sources */ = {isa = PBXBuildFile; fileRef = DEEE1402288591D80067C925 /* Extensions.swift */; };
		DEEE1406288592980067C925 /* RickMorty.swift in Sources */ = {isa = PBXBuildFile; fileRef = DEEE1405288592980067C925 /* RickMorty.swift */; };
		DEEE140828859C0D0067C925 /* WebService.swift in Sources */ = {isa = PBXBuildFile; fileRef = DEEE140728859C0D0067C925 /* WebService.swift */; };
		DEFE5A782885E604009296C2 /* TableDetailViewController.swift in Sources */ = {isa = PBXBuildFile; fileRef = DEFE5A772885E604009296C2 /* TableDetailViewController.swift */; };
		DEFE5A7A2885E60C009296C2 /* CollectionDetailViewController.swift in Sources */ = {isa = PBXBuildFile; fileRef = DEFE5A792885E60C009296C2 /* CollectionDetailViewController.swift */; };
/* End PBXBuildFile section */

/* Begin PBXFileReference section */
		DEEE13E3288585B00067C925 /* CollectionV&TableCombined.app */ = {isa = PBXFileReference; explicitFileType = wrapper.application; includeInIndex = 0; path = "CollectionV&TableCombined.app"; sourceTree = BUILT_PRODUCTS_DIR; };
		DEEE13E6288585B00067C925 /* AppDelegate.swift */ = {isa = PBXFileReference; lastKnownFileType = sourcecode.swift; path = AppDelegate.swift; sourceTree = "<group>"; };
		DEEE13E8288585B00067C925 /* SceneDelegate.swift */ = {isa = PBXFileReference; lastKnownFileType = sourcecode.swift; path = SceneDelegate.swift; sourceTree = "<group>"; };
		DEEE13EA288585B00067C925 /* HomeViewController.swift */ = {isa = PBXFileReference; lastKnownFileType = sourcecode.swift; path = HomeViewController.swift; sourceTree = "<group>"; };
		DEEE13EF288585B20067C925 /* Assets.xcassets */ = {isa = PBXFileReference; lastKnownFileType = folder.assetcatalog; path = Assets.xcassets; sourceTree = "<group>"; };
		DEEE13F2288585B20067C925 /* Base */ = {isa = PBXFileReference; lastKnownFileType = file.storyboard; name = Base; path = Base.lproj/LaunchScreen.storyboard; sourceTree = "<group>"; };
		DEEE13F4288585B20067C925 /* Info.plist */ = {isa = PBXFileReference; lastKnownFileType = text.plist.xml; path = Info.plist; sourceTree = "<group>"; };
		DEEE13FD288586C60067C925 /* ElementCollectionViewCell.swift */ = {isa = PBXFileReference; lastKnownFileType = sourcecode.swift; path = ElementCollectionViewCell.swift; sourceTree = "<group>"; };
		DEEE13FF28858AF60067C925 /* ElementTableViewCell.swift */ = {isa = PBXFileReference; lastKnownFileType = sourcecode.swift; path = ElementTableViewCell.swift; sourceTree = "<group>"; };
		DEEE1402288591D80067C925 /* Extensions.swift */ = {isa = PBXFileReference; lastKnownFileType = sourcecode.swift; path = Extensions.swift; sourceTree = "<group>"; };
		DEEE1405288592980067C925 /* RickMorty.swift */ = {isa = PBXFileReference; lastKnownFileType = sourcecode.swift; path = RickMorty.swift; sourceTree = "<group>"; };
		DEEE140728859C0D0067C925 /* WebService.swift */ = {isa = PBXFileReference; lastKnownFileType = sourcecode.swift; path = WebService.swift; sourceTree = "<group>"; };
		DEFE5A772885E604009296C2 /* TableDetailViewController.swift */ = {isa = PBXFileReference; lastKnownFileType = sourcecode.swift; path = TableDetailViewController.swift; sourceTree = "<group>"; };
		DEFE5A792885E60C009296C2 /* CollectionDetailViewController.swift */ = {isa = PBXFileReference; lastKnownFileType = sourcecode.swift; path = CollectionDetailViewController.swift; sourceTree = "<group>"; };
/* End PBXFileReference section */

/* Begin PBXFrameworksBuildPhase section */
		DEEE13E0288585B00067C925 /* Frameworks */ = {
			isa = PBXFrameworksBuildPhase;
			buildActionMask = 2147483647;
			files = (
			);
			runOnlyForDeploymentPostprocessing = 0;
		};
/* End PBXFrameworksBuildPhase section */

/* Begin PBXGroup section */
		DEEE13DA288585B00067C925 = {
			isa = PBXGroup;
			children = (
				DEEE13E5288585B00067C925 /* CollectionV&TableCombined */,
				DEEE13E4288585B00067C925 /* Products */,
			);
			sourceTree = "<group>";
		};
		DEEE13E4288585B00067C925 /* Products */ = {
			isa = PBXGroup;
			children = (
				DEEE13E3288585B00067C925 /* CollectionV&TableCombined.app */,
			);
			name = Products;
			sourceTree = "<group>";
		};
		DEEE13E5288585B00067C925 /* CollectionV&TableCombined */ = {
			isa = PBXGroup;
			children = (
				DEEE1404288592830067C925 /* Model */,
				DEEE1401288591CE0067C925 /* Extensions */,
				DEEE13FB288586B30067C925 /* Controller */,
				DEEE13FA288585CE0067C925 /* Resources */,
			);
			path = "CollectionV&TableCombined";
			sourceTree = "<group>";
		};
		DEEE13FA288585CE0067C925 /* Resources */ = {
			isa = PBXGroup;
			children = (
				DEEE13E6288585B00067C925 /* AppDelegate.swift */,
				DEEE13E8288585B00067C925 /* SceneDelegate.swift */,
				DEEE13EF288585B20067C925 /* Assets.xcassets */,
				DEEE13F1288585B20067C925 /* LaunchScreen.storyboard */,
				DEEE13F4288585B20067C925 /* Info.plist */,
			);
			path = Resources;
			sourceTree = "<group>";
		};
		DEEE13FB288586B30067C925 /* Controller */ = {
			isa = PBXGroup;
			children = (
				DEFE5A792885E60C009296C2 /* CollectionDetailViewController.swift */,
				DEFE5A772885E604009296C2 /* TableDetailViewController.swift */,
				DEEE13EA288585B00067C925 /* HomeViewController.swift */,
				DEEE13FC288586B80067C925 /* Cells */,
			);
			path = Controller;
			sourceTree = "<group>";
		};
		DEEE13FC288586B80067C925 /* Cells */ = {
			isa = PBXGroup;
			children = (
				DEEE13FD288586C60067C925 /* ElementCollectionViewCell.swift */,
				DEEE13FF28858AF60067C925 /* ElementTableViewCell.swift */,
			);
			path = Cells;
			sourceTree = "<group>";
		};
		DEEE1401288591CE0067C925 /* Extensions */ = {
			isa = PBXGroup;
			children = (
				DEEE1402288591D80067C925 /* Extensions.swift */,
			);
			path = Extensions;
			sourceTree = "<group>";
		};
		DEEE1404288592830067C925 /* Model */ = {
			isa = PBXGroup;
			children = (
				DEEE1405288592980067C925 /* RickMorty.swift */,
				DEEE140728859C0D0067C925 /* WebService.swift */,
			);
			path = Model;
			sourceTree = "<group>";
		};
/* End PBXGroup section */

/* Begin PBXNativeTarget section */
		DEEE13E2288585B00067C925 /* CollectionV&TableCombined */ = {
			isa = PBXNativeTarget;
			buildConfigurationList = DEEE13F7288585B20067C925 /* Build configuration list for PBXNativeTarget "CollectionV&TableCombined" */;
			buildPhases = (
				DEEE13DF288585B00067C925 /* Sources */,
				DEEE13E0288585B00067C925 /* Frameworks */,
				DEEE13E1288585B00067C925 /* Resources */,
			);
			buildRules = (
			);
			dependencies = (
			);
			name = "CollectionV&TableCombined";
			productName = "CollectionV&TableCombined";
			productReference = DEEE13E3288585B00067C925 /* CollectionV&TableCombined.app */;
			productType = "com.apple.product-type.application";
		};
/* End PBXNativeTarget section */

/* Begin PBXProject section */
		DEEE13DB288585B00067C925 /* Project object */ = {
			isa = PBXProject;
			attributes = {
				BuildIndependentTargetsInParallel = 1;
				LastSwiftUpdateCheck = 1340;
				LastUpgradeCheck = 1340;
				TargetAttributes = {
					DEEE13E2288585B00067C925 = {
						CreatedOnToolsVersion = 13.4.1;
					};
				};
			};
			buildConfigurationList = DEEE13DE288585B00067C925 /* Build configuration list for PBXProject "CollectionV&TableCombined" */;
			compatibilityVersion = "Xcode 13.0";
			developmentRegion = en;
			hasScannedForEncodings = 0;
			knownRegions = (
				en,
				Base,
			);
			mainGroup = DEEE13DA288585B00067C925;
			productRefGroup = DEEE13E4288585B00067C925 /* Products */;
			projectDirPath = "";
			projectRoot = "";
			targets = (
				DEEE13E2288585B00067C925 /* CollectionV&TableCombined */,
			);
		};
/* End PBXProject section */

/* Begin PBXResourcesBuildPhase section */
		DEEE13E1288585B00067C925 /* Resources */ = {
			isa = PBXResourcesBuildPhase;
			buildActionMask = 2147483647;
			files = (
				DEEE13F3288585B20067C925 /* LaunchScreen.storyboard in Resources */,
				DEEE13F0288585B20067C925 /* Assets.xcassets in Resources */,
			);
			runOnlyForDeploymentPostprocessing = 0;
		};
/* End PBXResourcesBuildPhase section */

/* Begin PBXSourcesBuildPhase section */
		DEEE13DF288585B00067C925 /* Sources */ = {
			isa = PBXSourcesBuildPhase;
			buildActionMask = 2147483647;
			files = (
				DEEE140028858AF60067C925 /* ElementTableViewCell.swift in Sources */,
				DEFE5A7A2885E60C009296C2 /* CollectionDetailViewController.swift in Sources */,
				DEEE1403288591D90067C925 /* Extensions.swift in Sources */,
				DEFE5A782885E604009296C2 /* TableDetailViewController.swift in Sources */,
				DEEE140828859C0D0067C925 /* WebService.swift in Sources */,
				DEEE1406288592980067C925 /* RickMorty.swift in Sources */,
				DEEE13EB288585B00067C925 /* HomeViewController.swift in Sources */,
				DEEE13E7288585B00067C925 /* AppDelegate.swift in Sources */,
				DEEE13E9288585B00067C925 /* SceneDelegate.swift in Sources */,
				DEEE13FE288586C60067C925 /* ElementCollectionViewCell.swift in Sources */,
			);
			runOnlyForDeploymentPostprocessing = 0;
		};
/* End PBXSourcesBuildPhase section */

/* Begin PBXVariantGroup section */
		DEEE13F1288585B20067C925 /* LaunchScreen.storyboard */ = {
			isa = PBXVariantGroup;
			children = (
				DEEE13F2288585B20067C925 /* Base */,
			);
			name = LaunchScreen.storyboard;
			sourceTree = "<group>";
		};
/* End PBXVariantGroup section */

/* Begin XCBuildConfiguration section */
		DEEE13F5288585B20067C925 /* Debug */ = {
			isa = XCBuildConfiguration;
			buildSettings = {
				ALWAYS_SEARCH_USER_PATHS = NO;
				CLANG_ANALYZER_NONNULL = YES;
				CLANG_ANALYZER_NUMBER_OBJECT_CONVERSION = YES_AGGRESSIVE;
				CLANG_CXX_LANGUAGE_STANDARD = "gnu++17";
				CLANG_ENABLE_MODULES = YES;
				CLANG_ENABLE_OBJC_ARC = YES;
				CLANG_ENABLE_OBJC_WEAK = YES;
				CLANG_WARN_BLOCK_CAPTURE_AUTORELEASING = YES;
				CLANG_WARN_BOOL_CONVERSION = YES;
				CLANG_WARN_COMMA = YES;
				CLANG_WARN_CONSTANT_CONVERSION = YES;
				CLANG_WARN_DEPRECATED_OBJC_IMPLEMENTATIONS = YES;
				CLANG_WARN_DIRECT_OBJC_ISA_USAGE = YES_ERROR;
				CLANG_WARN_DOCUMENTATION_COMMENTS = YES;
				CLANG_WARN_EMPTY_BODY = YES;
				CLANG_WARN_ENUM_CONVERSION = YES;
				CLANG_WARN_INFINITE_RECURSION = YES;
				CLANG_WARN_INT_CONVERSION = YES;
				CLANG_WARN_NON_LITERAL_NULL_CONVERSION = YES;
				CLANG_WARN_OBJC_IMPLICIT_RETAIN_SELF = YES;
				CLANG_WARN_OBJC_LITERAL_CONVERSION = YES;
				CLANG_WARN_OBJC_ROOT_CLASS = YES_ERROR;
				CLANG_WARN_QUOTED_INCLUDE_IN_FRAMEWORK_HEADER = YES;
				CLANG_WARN_RANGE_LOOP_ANALYSIS = YES;
				CLANG_WARN_STRICT_PROTOTYPES = YES;
				CLANG_WARN_SUSPICIOUS_MOVE = YES;
				CLANG_WARN_UNGUARDED_AVAILABILITY = YES_AGGRESSIVE;
				CLANG_WARN_UNREACHABLE_CODE = YES;
				CLANG_WARN__DUPLICATE_METHOD_MATCH = YES;
				COPY_PHASE_STRIP = NO;
				DEBUG_INFORMATION_FORMAT = dwarf;
				ENABLE_STRICT_OBJC_MSGSEND = YES;
				ENABLE_TESTABILITY = YES;
				GCC_C_LANGUAGE_STANDARD = gnu11;
				GCC_DYNAMIC_NO_PIC = NO;
				GCC_NO_COMMON_BLOCKS = YES;
				GCC_OPTIMIZATION_LEVEL = 0;
				GCC_PREPROCESSOR_DEFINITIONS = (
					"DEBUG=1",
					"$(inherited)",
				);
				GCC_WARN_64_TO_32_BIT_CONVERSION = YES;
				GCC_WARN_ABOUT_RETURN_TYPE = YES_ERROR;
				GCC_WARN_UNDECLARED_SELECTOR = YES;
				GCC_WARN_UNINITIALIZED_AUTOS = YES_AGGRESSIVE;
				GCC_WARN_UNUSED_FUNCTION = YES;
				GCC_WARN_UNUSED_VARIABLE = YES;
				IPHONEOS_DEPLOYMENT_TARGET = 15.5;
				MTL_ENABLE_DEBUG_INFO = INCLUDE_SOURCE;
				MTL_FAST_MATH = YES;
				ONLY_ACTIVE_ARCH = YES;
				SDKROOT = iphoneos;
				SWIFT_ACTIVE_COMPILATION_CONDITIONS = DEBUG;
				SWIFT_OPTIMIZATION_LEVEL = "-Onone";
			};
			name = Debug;
		};
		DEEE13F6288585B20067C925 /* Release */ = {
			isa = XCBuildConfiguration;
			buildSettings = {
				ALWAYS_SEARCH_USER_PATHS = NO;
				CLANG_ANALYZER_NONNULL = YES;
				CLANG_ANALYZER_NUMBER_OBJECT_CONVERSION = YES_AGGRESSIVE;
				CLANG_CXX_LANGUAGE_STANDARD = "gnu++17";
				CLANG_ENABLE_MODULES = YES;
				CLANG_ENABLE_OBJC_ARC = YES;
				CLANG_ENABLE_OBJC_WEAK = YES;
				CLANG_WARN_BLOCK_CAPTURE_AUTORELEASING = YES;
				CLANG_WARN_BOOL_CONVERSION = YES;
				CLANG_WARN_COMMA = YES;
				CLANG_WARN_CONSTANT_CONVERSION = YES;
				CLANG_WARN_DEPRECATED_OBJC_IMPLEMENTATIONS = YES;
				CLANG_WARN_DIRECT_OBJC_ISA_USAGE = YES_ERROR;
				CLANG_WARN_DOCUMENTATION_COMMENTS = YES;
				CLANG_WARN_EMPTY_BODY = YES;
				CLANG_WARN_ENUM_CONVERSION = YES;
				CLANG_WARN_INFINITE_RECURSION = YES;
				CLANG_WARN_INT_CONVERSION = YES;
				CLANG_WARN_NON_LITERAL_NULL_CONVERSION = YES;
				CLANG_WARN_OBJC_IMPLICIT_RETAIN_SELF = YES;
				CLANG_WARN_OBJC_LITERAL_CONVERSION = YES;
				CLANG_WARN_OBJC_ROOT_CLASS = YES_ERROR;
				CLANG_WARN_QUOTED_INCLUDE_IN_FRAMEWORK_HEADER = YES;
				CLANG_WARN_RANGE_LOOP_ANALYSIS = YES;
				CLANG_WARN_STRICT_PROTOTYPES = YES;
				CLANG_WARN_SUSPICIOUS_MOVE = YES;
				CLANG_WARN_UNGUARDED_AVAILABILITY = YES_AGGRESSIVE;
				CLANG_WARN_UNREACHABLE_CODE = YES;
				CLANG_WARN__DUPLICATE_METHOD_MATCH = YES;
				COPY_PHASE_STRIP = NO;
				DEBUG_INFORMATION_FORMAT = "dwarf-with-dsym";
				ENABLE_NS_ASSERTIONS = NO;
				ENABLE_STRICT_OBJC_MSGSEND = YES;
				GCC_C_LANGUAGE_STANDARD = gnu11;
				GCC_NO_COMMON_BLOCKS = YES;
				GCC_WARN_64_TO_32_BIT_CONVERSION = YES;
				GCC_WARN_ABOUT_RETURN_TYPE = YES_ERROR;
				GCC_WARN_UNDECLARED_SELECTOR = YES;
				GCC_WARN_UNINITIALIZED_AUTOS = YES_AGGRESSIVE;
				GCC_WARN_UNUSED_FUNCTION = YES;
				GCC_WARN_UNUSED_VARIABLE = YES;
				IPHONEOS_DEPLOYMENT_TARGET = 15.5;
				MTL_ENABLE_DEBUG_INFO = NO;
				MTL_FAST_MATH = YES;
				SDKROOT = iphoneos;
				SWIFT_COMPILATION_MODE = wholemodule;
				SWIFT_OPTIMIZATION_LEVEL = "-O";
				VALIDATE_PRODUCT = YES;
			};
			name = Release;
		};
		DEEE13F8288585B20067C925 /* Debug */ = {
			isa = XCBuildConfiguration;
			buildSettings = {
				ASSETCATALOG_COMPILER_APPICON_NAME = AppIcon;
				ASSETCATALOG_COMPILER_GLOBAL_ACCENT_COLOR_NAME = AccentColor;
				CODE_SIGN_STYLE = Automatic;
				CURRENT_PROJECT_VERSION = 1;
				DEVELOPMENT_TEAM = 7CRNJ953YN;
				GENERATE_INFOPLIST_FILE = YES;
				INFOPLIST_FILE = "CollectionV&TableCombined/Resources/Info.plist";
				INFOPLIST_KEY_UIApplicationSupportsIndirectInputEvents = YES;
				INFOPLIST_KEY_UILaunchStoryboardName = LaunchScreen;
				INFOPLIST_KEY_UISupportedInterfaceOrientations_iPad = "UIInterfaceOrientationPortrait UIInterfaceOrientationPortraitUpsideDown UIInterfaceOrientationLandscapeLeft UIInterfaceOrientationLandscapeRight";
				INFOPLIST_KEY_UISupportedInterfaceOrientations_iPhone = "UIInterfaceOrientationPortrait UIInterfaceOrientationLandscapeLeft UIInterfaceOrientationLandscapeRight";
				LD_RUNPATH_SEARCH_PATHS = (
					"$(inherited)",
					"@executable_path/Frameworks",
				);
				MARKETING_VERSION = 1.0.1;
				PRODUCT_BUNDLE_IDENTIFIER = "com.omerKilicaslan.CollectionV-TableCombined";
				PRODUCT_NAME = "$(TARGET_NAME)";
				SWIFT_EMIT_LOC_STRINGS = YES;
				SWIFT_VERSION = 5.0;
				TARGETED_DEVICE_FAMILY = 1;
			};
			name = Debug;
		};
		DEEE13F9288585B20067C925 /* Release */ = {
			isa = XCBuildConfiguration;
			buildSettings = {
				ASSETCATALOG_COMPILER_APPICON_NAME = AppIcon;
				ASSETCATALOG_COMPILER_GLOBAL_ACCENT_COLOR_NAME = AccentColor;
				CODE_SIGN_STYLE = Automatic;
				CURRENT_PROJECT_VERSION = 1;
				DEVELOPMENT_TEAM = 7CRNJ953YN;
				GENERATE_INFOPLIST_FILE = YES;
				INFOPLIST_FILE = "CollectionV&TableCombined/Resources/Info.plist";
				INFOPLIST_KEY_UIApplicationSupportsIndirectInputEvents = YES;
				INFOPLIST_KEY_UILaunchStoryboardName = LaunchScreen;
				INFOPLIST_KEY_UISupportedInterfaceOrientations_iPad = "UIInterfaceOrientationPortrait UIInterfaceOrientationPortraitUpsideDown UIInterfaceOrientationLandscapeLeft UIInterfaceOrientationLandscapeRight";
				INFOPLIST_KEY_UISupportedInterfaceOrientations_iPhone = "UIInterfaceOrientationPortrait UIInterfaceOrientationLandscapeLeft UIInterfaceOrientationLandscapeRight";
				LD_RUNPATH_SEARCH_PATHS = (
					"$(inherited)",
					"@executable_path/Frameworks",
				);
				MARKETING_VERSION = 1.0.1;
				PRODUCT_BUNDLE_IDENTIFIER = "com.omerKilicaslan.CollectionV-TableCombined";
				PRODUCT_NAME = "$(TARGET_NAME)";
				SWIFT_EMIT_LOC_STRINGS = YES;
				SWIFT_VERSION = 5.0;
				TARGETED_DEVICE_FAMILY = 1;
			};
			name = Release;
		};
/* End XCBuildConfiguration section */

/* Begin XCConfigurationList section */
		DEEE13DE288585B00067C925 /* Build configuration list for PBXProject "CollectionV&TableCombined" */ = {
			isa = XCConfigurationList;
			buildConfigurations = (
				DEEE13F5288585B20067C925 /* Debug */,
				DEEE13F6288585B20067C925 /* Release */,
			);
			defaultConfigurationIsVisible = 0;
			defaultConfigurationName = Release;
		};
		DEEE13F7288585B20067C925 /* Build configuration list for PBXNativeTarget "CollectionV&TableCombined" */ = {
			isa = XCConfigurationList;
			buildConfigurations = (
				DEEE13F8288585B20067C925 /* Debug */,
				DEEE13F9288585B20067C925 /* Release */,
			);
			defaultConfigurationIsVisible = 0;
			defaultConfigurationName = Release;
		};
/* End XCConfigurationList section */
	};
	rootObject = DEEE13DB288585B00067C925 /* Project object */;
}
